// !$*UTF8*$!
{
	archiveVersion = 1;
	classes = {
	};
	objectVersion = 46;
	objects = {

/* Begin PBXBuildFile section */
		F4DB13BC1E57EF260092B79B /* DCPicScrollView.m in Sources */ = {isa = PBXBuildFile; fileRef = F4DB13B01E57EF260092B79B /* DCPicScrollView.m */; };
		F4DB13BD1E57EF260092B79B /* DCWebImageManager.m in Sources */ = {isa = PBXBuildFile; fileRef = F4DB13B21E57EF260092B79B /* DCWebImageManager.m */; };
		F4DB13BE1E57EF260092B79B /* TAAbstractDotView.m in Sources */ = {isa = PBXBuildFile; fileRef = F4DB13B51E57EF260092B79B /* TAAbstractDotView.m */; };
		F4DB13BF1E57EF260092B79B /* TAAnimatedDotView.m in Sources */ = {isa = PBXBuildFile; fileRef = F4DB13B71E57EF260092B79B /* TAAnimatedDotView.m */; };
		F4DB13C01E57EF260092B79B /* TADotView.m in Sources */ = {isa = PBXBuildFile; fileRef = F4DB13B91E57EF260092B79B /* TADotView.m */; };
		F4DB13C11E57EF260092B79B /* TAPageControl.m in Sources */ = {isa = PBXBuildFile; fileRef = F4DB13BB1E57EF260092B79B /* TAPageControl.m */; };
		F4DB13C61E57F3470092B79B /* UIImage+JL.m in Sources */ = {isa = PBXBuildFile; fileRef = F4DB13C51E57F3470092B79B /* UIImage+JL.m */; };
		F4DB13CA1E57F6960092B79B /* JLViewController.m in Sources */ = {isa = PBXBuildFile; fileRef = F4DB13C91E57F6960092B79B /* JLViewController.m */; };
		F4FF09FF1E55D94500061D9D /* main.m in Sources */ = {isa = PBXBuildFile; fileRef = F4FF09FE1E55D94500061D9D /* main.m */; };
		F4FF0A021E55D94500061D9D /* AppDelegate.m in Sources */ = {isa = PBXBuildFile; fileRef = F4FF0A011E55D94500061D9D /* AppDelegate.m */; };
		F4FF0A0A1E55D94500061D9D /* Assets.xcassets in Resources */ = {isa = PBXBuildFile; fileRef = F4FF0A091E55D94500061D9D /* Assets.xcassets */; };
		F4FF0A0D1E55D94500061D9D /* LaunchScreen.storyboard in Resources */ = {isa = PBXBuildFile; fileRef = F4FF0A0B1E55D94500061D9D /* LaunchScreen.storyboard */; };
		F4FF0A181E55D94500061D9D /* BusinessAppTests.m in Sources */ = {isa = PBXBuildFile; fileRef = F4FF0A171E55D94500061D9D /* BusinessAppTests.m */; };
		F4FF0A231E55D94500061D9D /* BusinessAppUITests.m in Sources */ = {isa = PBXBuildFile; fileRef = F4FF0A221E55D94500061D9D /* BusinessAppUITests.m */; };
		F4FF0A491E55DD7B00061D9D /* JLTabbar.m in Sources */ = {isa = PBXBuildFile; fileRef = F4FF0A441E55DD7B00061D9D /* JLTabbar.m */; };
		F4FF0A4A1E55DD7B00061D9D /* JLTabBarController.m in Sources */ = {isa = PBXBuildFile; fileRef = F4FF0A461E55DD7B00061D9D /* JLTabBarController.m */; };
		F4FF0A4B1E55DD7B00061D9D /* JLTabbarModel.m in Sources */ = {isa = PBXBuildFile; fileRef = F4FF0A481E55DD7B00061D9D /* JLTabbarModel.m */; };
		F4FF0A501E55DDBE00061D9D /* JLNaviagationController.m in Sources */ = {isa = PBXBuildFile; fileRef = F4FF0A4D1E55DDBE00061D9D /* JLNaviagationController.m */; };
		F4FF0A511E55DDBE00061D9D /* JLNavigationBar.m in Sources */ = {isa = PBXBuildFile; fileRef = F4FF0A4F1E55DDBE00061D9D /* JLNavigationBar.m */; };
		F4FF0A771E55DE3B00061D9D /* JLBaseSetViewController.m in Sources */ = {isa = PBXBuildFile; fileRef = F4FF0A6A1E55DE3B00061D9D /* JLBaseSetViewController.m */; };
		F4FF0A781E55DE3B00061D9D /* JLSetArrowItem.m in Sources */ = {isa = PBXBuildFile; fileRef = F4FF0A6C1E55DE3B00061D9D /* JLSetArrowItem.m */; };
		F4FF0A791E55DE3B00061D9D /* JLSetCell.m in Sources */ = {isa = PBXBuildFile; fileRef = F4FF0A6E1E55DE3B00061D9D /* JLSetCell.m */; };
		F4FF0A7A1E55DE3B00061D9D /* JLSetGroupModel.m in Sources */ = {isa = PBXBuildFile; fileRef = F4FF0A701E55DE3B00061D9D /* JLSetGroupModel.m */; };
		F4FF0A7B1E55DE3B00061D9D /* JLSetItem.m in Sources */ = {isa = PBXBuildFile; fileRef = F4FF0A721E55DE3B00061D9D /* JLSetItem.m */; };
		F4FF0A7C1E55DE3B00061D9D /* JLSetLabelItem.m in Sources */ = {isa = PBXBuildFile; fileRef = F4FF0A741E55DE3B00061D9D /* JLSetLabelItem.m */; };
		F4FF0A7D1E55DE3B00061D9D /* JLSetSwitchItem.m in Sources */ = {isa = PBXBuildFile; fileRef = F4FF0A761E55DE3B00061D9D /* JLSetSwitchItem.m */; };
		F4FF0A861E55DE4500061D9D /* JLPersonCenterViewController.m in Sources */ = {isa = PBXBuildFile; fileRef = F4FF0A7F1E55DE4500061D9D /* JLPersonCenterViewController.m */; };
		F4FF0A871E55DE4500061D9D /* JLSettingViewController.m in Sources */ = {isa = PBXBuildFile; fileRef = F4FF0A811E55DE4500061D9D /* JLSettingViewController.m */; };
		F4FF0A881E55DE4500061D9D /* JLSetViewController.m in Sources */ = {isa = PBXBuildFile; fileRef = F4FF0A831E55DE4500061D9D /* JLSetViewController.m */; };
		F4FF0A891E55DE4500061D9D /* RegistAndLoginViewController.m in Sources */ = {isa = PBXBuildFile; fileRef = F4FF0A851E55DE4500061D9D /* RegistAndLoginViewController.m */; };
		F4FF0A8E1E55DFBF00061D9D /* HomeViewController.m in Sources */ = {isa = PBXBuildFile; fileRef = F4FF0A8D1E55DFBF00061D9D /* HomeViewController.m */; };
		F4FF0A911E55DFF700061D9D /* BoutiqueViewController.m in Sources */ = {isa = PBXBuildFile; fileRef = F4FF0A901E55DFF700061D9D /* BoutiqueViewController.m */; };
		F4FF0ACC1E55E8C700061D9D /* MKAnnotationView+WebCache.m in Sources */ = {isa = PBXBuildFile; fileRef = F4FF0AA51E55E8C700061D9D /* MKAnnotationView+WebCache.m */; };
		F4FF0ACD1E55E8C700061D9D /* NSData+ImageContentType.m in Sources */ = {isa = PBXBuildFile; fileRef = F4FF0AA71E55E8C700061D9D /* NSData+ImageContentType.m */; };
		F4FF0ACE1E55E8C700061D9D /* SDImageCache.m in Sources */ = {isa = PBXBuildFile; fileRef = F4FF0AA91E55E8C700061D9D /* SDImageCache.m */; };
		F4FF0ACF1E55E8C700061D9D /* SDWebImageCompat.m in Sources */ = {isa = PBXBuildFile; fileRef = F4FF0AAB1E55E8C700061D9D /* SDWebImageCompat.m */; };
		F4FF0AD01E55E8C700061D9D /* SDWebImageDecoder.m in Sources */ = {isa = PBXBuildFile; fileRef = F4FF0AAD1E55E8C700061D9D /* SDWebImageDecoder.m */; };
		F4FF0AD11E55E8C700061D9D /* SDWebImageDownloader.m in Sources */ = {isa = PBXBuildFile; fileRef = F4FF0AAF1E55E8C700061D9D /* SDWebImageDownloader.m */; };
		F4FF0AD21E55E8C700061D9D /* SDWebImageDownloaderOperation.m in Sources */ = {isa = PBXBuildFile; fileRef = F4FF0AB11E55E8C700061D9D /* SDWebImageDownloaderOperation.m */; };
		F4FF0AD31E55E8C700061D9D /* SDWebImageManager.m in Sources */ = {isa = PBXBuildFile; fileRef = F4FF0AB31E55E8C700061D9D /* SDWebImageManager.m */; };
		F4FF0AD41E55E8C700061D9D /* SDWebImagePrefetcher.m in Sources */ = {isa = PBXBuildFile; fileRef = F4FF0AB61E55E8C700061D9D /* SDWebImagePrefetcher.m */; };
		F4FF0AD51E55E8C700061D9D /* UIButton+WebCache.m in Sources */ = {isa = PBXBuildFile; fileRef = F4FF0AB81E55E8C700061D9D /* UIButton+WebCache.m */; };
		F4FF0AD61E55E8C700061D9D /* UIImage+GIF.m in Sources */ = {isa = PBXBuildFile; fileRef = F4FF0ABA1E55E8C700061D9D /* UIImage+GIF.m */; };
		F4FF0AD71E55E8C700061D9D /* UIImage+MultiFormat.m in Sources */ = {isa = PBXBuildFile; fileRef = F4FF0ABC1E55E8C700061D9D /* UIImage+MultiFormat.m */; };
		F4FF0AD81E55E8C700061D9D /* UIImage+WebP.m in Sources */ = {isa = PBXBuildFile; fileRef = F4FF0ABE1E55E8C700061D9D /* UIImage+WebP.m */; };
		F4FF0AD91E55E8C700061D9D /* UIImageView+HighlightedWebCache.m in Sources */ = {isa = PBXBuildFile; fileRef = F4FF0AC01E55E8C700061D9D /* UIImageView+HighlightedWebCache.m */; };
		F4FF0ADA1E55E8C700061D9D /* UIImageView+WebCache.m in Sources */ = {isa = PBXBuildFile; fileRef = F4FF0AC21E55E8C700061D9D /* UIImageView+WebCache.m */; };
		F4FF0ADB1E55E8C700061D9D /* UIView+WebCacheOperation.m in Sources */ = {isa = PBXBuildFile; fileRef = F4FF0AC41E55E8C700061D9D /* UIView+WebCacheOperation.m */; };
/* End PBXBuildFile section */

/* Begin PBXContainerItemProxy section */
		F4FF0A141E55D94500061D9D /* PBXContainerItemProxy */ = {
			isa = PBXContainerItemProxy;
			containerPortal = F4FF09F21E55D94500061D9D /* Project object */;
			proxyType = 1;
			remoteGlobalIDString = F4FF09F91E55D94500061D9D;
			remoteInfo = BusinessApp;
		};
		F4FF0A1F1E55D94500061D9D /* PBXContainerItemProxy */ = {
			isa = PBXContainerItemProxy;
			containerPortal = F4FF09F21E55D94500061D9D /* Project object */;
			proxyType = 1;
			remoteGlobalIDString = F4FF09F91E55D94500061D9D;
			remoteInfo = BusinessApp;
		};
/* End PBXContainerItemProxy section */

/* Begin PBXFileReference section */
		F4DB13AF1E57EF260092B79B /* DCPicScrollView.h */ = {isa = PBXFileReference; fileEncoding = 4; lastKnownFileType = sourcecode.c.h; path = DCPicScrollView.h; sourceTree = "<group>"; };
		F4DB13B01E57EF260092B79B /* DCPicScrollView.m */ = {isa = PBXFileReference; fileEncoding = 4; lastKnownFileType = sourcecode.c.objc; path = DCPicScrollView.m; sourceTree = "<group>"; };
		F4DB13B11E57EF260092B79B /* DCWebImageManager.h */ = {isa = PBXFileReference; fileEncoding = 4; lastKnownFileType = sourcecode.c.h; path = DCWebImageManager.h; sourceTree = "<group>"; };
		F4DB13B21E57EF260092B79B /* DCWebImageManager.m */ = {isa = PBXFileReference; fileEncoding = 4; lastKnownFileType = sourcecode.c.objc; path = DCWebImageManager.m; sourceTree = "<group>"; };
		F4DB13B41E57EF260092B79B /* TAAbstractDotView.h */ = {isa = PBXFileReference; fileEncoding = 4; lastKnownFileType = sourcecode.c.h; path = TAAbstractDotView.h; sourceTree = "<group>"; };
		F4DB13B51E57EF260092B79B /* TAAbstractDotView.m */ = {isa = PBXFileReference; fileEncoding = 4; lastKnownFileType = sourcecode.c.objc; path = TAAbstractDotView.m; sourceTree = "<group>"; };
		F4DB13B61E57EF260092B79B /* TAAnimatedDotView.h */ = {isa = PBXFileReference; fileEncoding = 4; lastKnownFileType = sourcecode.c.h; path = TAAnimatedDotView.h; sourceTree = "<group>"; };
		F4DB13B71E57EF260092B79B /* TAAnimatedDotView.m */ = {isa = PBXFileReference; fileEncoding = 4; lastKnownFileType = sourcecode.c.objc; path = TAAnimatedDotView.m; sourceTree = "<group>"; };
		F4DB13B81E57EF260092B79B /* TADotView.h */ = {isa = PBXFileReference; fileEncoding = 4; lastKnownFileType = sourcecode.c.h; path = TADotView.h; sourceTree = "<group>"; };
		F4DB13B91E57EF260092B79B /* TADotView.m */ = {isa = PBXFileReference; fileEncoding = 4; lastKnownFileType = sourcecode.c.objc; path = TADotView.m; sourceTree = "<group>"; };
		F4DB13BA1E57EF260092B79B /* TAPageControl.h */ = {isa = PBXFileReference; fileEncoding = 4; lastKnownFileType = sourcecode.c.h; path = TAPageControl.h; sourceTree = "<group>"; };
		F4DB13BB1E57EF260092B79B /* TAPageControl.m */ = {isa = PBXFileReference; fileEncoding = 4; lastKnownFileType = sourcecode.c.objc; path = TAPageControl.m; sourceTree = "<group>"; };
		F4DB13C41E57F3470092B79B /* UIImage+JL.h */ = {isa = PBXFileReference; fileEncoding = 4; lastKnownFileType = sourcecode.c.h; path = "UIImage+JL.h"; sourceTree = "<group>"; };
		F4DB13C51E57F3470092B79B /* UIImage+JL.m */ = {isa = PBXFileReference; fileEncoding = 4; lastKnownFileType = sourcecode.c.objc; path = "UIImage+JL.m"; sourceTree = "<group>"; };
		F4DB13C71E57F4510092B79B /* Party.pch */ = {isa = PBXFileReference; lastKnownFileType = sourcecode.c.h; path = Party.pch; sourceTree = "<group>"; };
		F4DB13C81E57F6960092B79B /* JLViewController.h */ = {isa = PBXFileReference; fileEncoding = 4; lastKnownFileType = sourcecode.c.h; path = JLViewController.h; sourceTree = "<group>"; };
		F4DB13C91E57F6960092B79B /* JLViewController.m */ = {isa = PBXFileReference; fileEncoding = 4; lastKnownFileType = sourcecode.c.objc; path = JLViewController.m; sourceTree = "<group>"; };
		F4FF09FA1E55D94500061D9D /* BusinessApp.app */ = {isa = PBXFileReference; explicitFileType = wrapper.application; includeInIndex = 0; path = BusinessApp.app; sourceTree = BUILT_PRODUCTS_DIR; };
		F4FF09FE1E55D94500061D9D /* main.m */ = {isa = PBXFileReference; lastKnownFileType = sourcecode.c.objc; path = main.m; sourceTree = "<group>"; };
		F4FF0A001E55D94500061D9D /* AppDelegate.h */ = {isa = PBXFileReference; lastKnownFileType = sourcecode.c.h; path = AppDelegate.h; sourceTree = "<group>"; };
		F4FF0A011E55D94500061D9D /* AppDelegate.m */ = {isa = PBXFileReference; lastKnownFileType = sourcecode.c.objc; path = AppDelegate.m; sourceTree = "<group>"; };
		F4FF0A091E55D94500061D9D /* Assets.xcassets */ = {isa = PBXFileReference; lastKnownFileType = folder.assetcatalog; path = Assets.xcassets; sourceTree = "<group>"; };
		F4FF0A0C1E55D94500061D9D /* Base */ = {isa = PBXFileReference; lastKnownFileType = file.storyboard; name = Base; path = Base.lproj/LaunchScreen.storyboard; sourceTree = "<group>"; };
		F4FF0A0E1E55D94500061D9D /* Info.plist */ = {isa = PBXFileReference; lastKnownFileType = text.plist.xml; path = Info.plist; sourceTree = "<group>"; };
		F4FF0A131E55D94500061D9D /* BusinessAppTests.xctest */ = {isa = PBXFileReference; explicitFileType = wrapper.cfbundle; includeInIndex = 0; path = BusinessAppTests.xctest; sourceTree = BUILT_PRODUCTS_DIR; };
		F4FF0A171E55D94500061D9D /* BusinessAppTests.m */ = {isa = PBXFileReference; lastKnownFileType = sourcecode.c.objc; path = BusinessAppTests.m; sourceTree = "<group>"; };
		F4FF0A191E55D94500061D9D /* Info.plist */ = {isa = PBXFileReference; lastKnownFileType = text.plist.xml; path = Info.plist; sourceTree = "<group>"; };
		F4FF0A1E1E55D94500061D9D /* BusinessAppUITests.xctest */ = {isa = PBXFileReference; explicitFileType = wrapper.cfbundle; includeInIndex = 0; path = BusinessAppUITests.xctest; sourceTree = BUILT_PRODUCTS_DIR; };
		F4FF0A221E55D94500061D9D /* BusinessAppUITests.m */ = {isa = PBXFileReference; lastKnownFileType = sourcecode.c.objc; path = BusinessAppUITests.m; sourceTree = "<group>"; };
		F4FF0A241E55D94500061D9D /* Info.plist */ = {isa = PBXFileReference; lastKnownFileType = text.plist.xml; path = Info.plist; sourceTree = "<group>"; };
		F4FF0A431E55DD7B00061D9D /* JLTabbar.h */ = {isa = PBXFileReference; fileEncoding = 4; lastKnownFileType = sourcecode.c.h; path = JLTabbar.h; sourceTree = "<group>"; };
		F4FF0A441E55DD7B00061D9D /* JLTabbar.m */ = {isa = PBXFileReference; fileEncoding = 4; lastKnownFileType = sourcecode.c.objc; path = JLTabbar.m; sourceTree = "<group>"; };
		F4FF0A451E55DD7B00061D9D /* JLTabBarController.h */ = {isa = PBXFileReference; fileEncoding = 4; lastKnownFileType = sourcecode.c.h; path = JLTabBarController.h; sourceTree = "<group>"; };
		F4FF0A461E55DD7B00061D9D /* JLTabBarController.m */ = {isa = PBXFileReference; fileEncoding = 4; lastKnownFileType = sourcecode.c.objc; path = JLTabBarController.m; sourceTree = "<group>"; };
		F4FF0A471E55DD7B00061D9D /* JLTabbarModel.h */ = {isa = PBXFileReference; fileEncoding = 4; lastKnownFileType = sourcecode.c.h; path = JLTabbarModel.h; sourceTree = "<group>"; };
		F4FF0A481E55DD7B00061D9D /* JLTabbarModel.m */ = {isa = PBXFileReference; fileEncoding = 4; lastKnownFileType = sourcecode.c.objc; path = JLTabbarModel.m; sourceTree = "<group>"; };
		F4FF0A4C1E55DDBE00061D9D /* JLNaviagationController.h */ = {isa = PBXFileReference; fileEncoding = 4; lastKnownFileType = sourcecode.c.h; path = JLNaviagationController.h; sourceTree = "<group>"; };
		F4FF0A4D1E55DDBE00061D9D /* JLNaviagationController.m */ = {isa = PBXFileReference; fileEncoding = 4; lastKnownFileType = sourcecode.c.objc; path = JLNaviagationController.m; sourceTree = "<group>"; };
		F4FF0A4E1E55DDBE00061D9D /* JLNavigationBar.h */ = {isa = PBXFileReference; fileEncoding = 4; lastKnownFileType = sourcecode.c.h; path = JLNavigationBar.h; sourceTree = "<group>"; };
		F4FF0A4F1E55DDBE00061D9D /* JLNavigationBar.m */ = {isa = PBXFileReference; fileEncoding = 4; lastKnownFileType = sourcecode.c.objc; path = JLNavigationBar.m; sourceTree = "<group>"; };
		F4FF0A691E55DE3B00061D9D /* JLBaseSetViewController.h */ = {isa = PBXFileReference; fileEncoding = 4; lastKnownFileType = sourcecode.c.h; path = JLBaseSetViewController.h; sourceTree = "<group>"; };
		F4FF0A6A1E55DE3B00061D9D /* JLBaseSetViewController.m */ = {isa = PBXFileReference; fileEncoding = 4; lastKnownFileType = sourcecode.c.objc; path = JLBaseSetViewController.m; sourceTree = "<group>"; };
		F4FF0A6B1E55DE3B00061D9D /* JLSetArrowItem.h */ = {isa = PBXFileReference; fileEncoding = 4; lastKnownFileType = sourcecode.c.h; path = JLSetArrowItem.h; sourceTree = "<group>"; };
		F4FF0A6C1E55DE3B00061D9D /* JLSetArrowItem.m */ = {isa = PBXFileReference; fileEncoding = 4; lastKnownFileType = sourcecode.c.objc; path = JLSetArrowItem.m; sourceTree = "<group>"; };
		F4FF0A6D1E55DE3B00061D9D /* JLSetCell.h */ = {isa = PBXFileReference; fileEncoding = 4; lastKnownFileType = sourcecode.c.h; path = JLSetCell.h; sourceTree = "<group>"; };
		F4FF0A6E1E55DE3B00061D9D /* JLSetCell.m */ = {isa = PBXFileReference; fileEncoding = 4; lastKnownFileType = sourcecode.c.objc; path = JLSetCell.m; sourceTree = "<group>"; };
		F4FF0A6F1E55DE3B00061D9D /* JLSetGroupModel.h */ = {isa = PBXFileReference; fileEncoding = 4; lastKnownFileType = sourcecode.c.h; path = JLSetGroupModel.h; sourceTree = "<group>"; };
		F4FF0A701E55DE3B00061D9D /* JLSetGroupModel.m */ = {isa = PBXFileReference; fileEncoding = 4; lastKnownFileType = sourcecode.c.objc; path = JLSetGroupModel.m; sourceTree = "<group>"; };
		F4FF0A711E55DE3B00061D9D /* JLSetItem.h */ = {isa = PBXFileReference; fileEncoding = 4; lastKnownFileType = sourcecode.c.h; path = JLSetItem.h; sourceTree = "<group>"; };
		F4FF0A721E55DE3B00061D9D /* JLSetItem.m */ = {isa = PBXFileReference; fileEncoding = 4; lastKnownFileType = sourcecode.c.objc; path = JLSetItem.m; sourceTree = "<group>"; };
		F4FF0A731E55DE3B00061D9D /* JLSetLabelItem.h */ = {isa = PBXFileReference; fileEncoding = 4; lastKnownFileType = sourcecode.c.h; path = JLSetLabelItem.h; sourceTree = "<group>"; };
		F4FF0A741E55DE3B00061D9D /* JLSetLabelItem.m */ = {isa = PBXFileReference; fileEncoding = 4; lastKnownFileType = sourcecode.c.objc; path = JLSetLabelItem.m; sourceTree = "<group>"; };
		F4FF0A751E55DE3B00061D9D /* JLSetSwitchItem.h */ = {isa = PBXFileReference; fileEncoding = 4; lastKnownFileType = sourcecode.c.h; path = JLSetSwitchItem.h; sourceTree = "<group>"; };
		F4FF0A761E55DE3B00061D9D /* JLSetSwitchItem.m */ = {isa = PBXFileReference; fileEncoding = 4; lastKnownFileType = sourcecode.c.objc; path = JLSetSwitchItem.m; sourceTree = "<group>"; };
		F4FF0A7E1E55DE4500061D9D /* JLPersonCenterViewController.h */ = {isa = PBXFileReference; fileEncoding = 4; lastKnownFileType = sourcecode.c.h; path = JLPersonCenterViewController.h; sourceTree = "<group>"; };
		F4FF0A7F1E55DE4500061D9D /* JLPersonCenterViewController.m */ = {isa = PBXFileReference; fileEncoding = 4; lastKnownFileType = sourcecode.c.objc; path = JLPersonCenterViewController.m; sourceTree = "<group>"; };
		F4FF0A801E55DE4500061D9D /* JLSettingViewController.h */ = {isa = PBXFileReference; fileEncoding = 4; lastKnownFileType = sourcecode.c.h; path = JLSettingViewController.h; sourceTree = "<group>"; };
		F4FF0A811E55DE4500061D9D /* JLSettingViewController.m */ = {isa = PBXFileReference; fileEncoding = 4; lastKnownFileType = sourcecode.c.objc; path = JLSettingViewController.m; sourceTree = "<group>"; };
		F4FF0A821E55DE4500061D9D /* JLSetViewController.h */ = {isa = PBXFileReference; fileEncoding = 4; lastKnownFileType = sourcecode.c.h; path = JLSetViewController.h; sourceTree = "<group>"; };
		F4FF0A831E55DE4500061D9D /* JLSetViewController.m */ = {isa = PBXFileReference; fileEncoding = 4; lastKnownFileType = sourcecode.c.objc; path = JLSetViewController.m; sourceTree = "<group>"; };
		F4FF0A841E55DE4500061D9D /* RegistAndLoginViewController.h */ = {isa = PBXFileReference; fileEncoding = 4; lastKnownFileType = sourcecode.c.h; path = RegistAndLoginViewController.h; sourceTree = "<group>"; };
		F4FF0A851E55DE4500061D9D /* RegistAndLoginViewController.m */ = {isa = PBXFileReference; fileEncoding = 4; lastKnownFileType = sourcecode.c.objc; path = RegistAndLoginViewController.m; sourceTree = "<group>"; };
		F4FF0A8C1E55DFBF00061D9D /* HomeViewController.h */ = {isa = PBXFileReference; fileEncoding = 4; lastKnownFileType = sourcecode.c.h; path = HomeViewController.h; sourceTree = "<group>"; };
		F4FF0A8D1E55DFBF00061D9D /* HomeViewController.m */ = {isa = PBXFileReference; fileEncoding = 4; lastKnownFileType = sourcecode.c.objc; path = HomeViewController.m; sourceTree = "<group>"; };
		F4FF0A8F1E55DFF700061D9D /* BoutiqueViewController.h */ = {isa = PBXFileReference; fileEncoding = 4; lastKnownFileType = sourcecode.c.h; path = BoutiqueViewController.h; sourceTree = "<group>"; };
		F4FF0A901E55DFF700061D9D /* BoutiqueViewController.m */ = {isa = PBXFileReference; fileEncoding = 4; lastKnownFileType = sourcecode.c.objc; path = BoutiqueViewController.m; sourceTree = "<group>"; };
		F4FF0AA41E55E8C700061D9D /* MKAnnotationView+WebCache.h */ = {isa = PBXFileReference; fileEncoding = 4; lastKnownFileType = sourcecode.c.h; path = "MKAnnotationView+WebCache.h"; sourceTree = "<group>"; };
		F4FF0AA51E55E8C700061D9D /* MKAnnotationView+WebCache.m */ = {isa = PBXFileReference; fileEncoding = 4; lastKnownFileType = sourcecode.c.objc; path = "MKAnnotationView+WebCache.m"; sourceTree = "<group>"; };
		F4FF0AA61E55E8C700061D9D /* NSData+ImageContentType.h */ = {isa = PBXFileReference; fileEncoding = 4; lastKnownFileType = sourcecode.c.h; path = "NSData+ImageContentType.h"; sourceTree = "<group>"; };
		F4FF0AA71E55E8C700061D9D /* NSData+ImageContentType.m */ = {isa = PBXFileReference; fileEncoding = 4; lastKnownFileType = sourcecode.c.objc; path = "NSData+ImageContentType.m"; sourceTree = "<group>"; };
		F4FF0AA81E55E8C700061D9D /* SDImageCache.h */ = {isa = PBXFileReference; fileEncoding = 4; lastKnownFileType = sourcecode.c.h; path = SDImageCache.h; sourceTree = "<group>"; };
		F4FF0AA91E55E8C700061D9D /* SDImageCache.m */ = {isa = PBXFileReference; fileEncoding = 4; lastKnownFileType = sourcecode.c.objc; path = SDImageCache.m; sourceTree = "<group>"; };
		F4FF0AAA1E55E8C700061D9D /* SDWebImageCompat.h */ = {isa = PBXFileReference; fileEncoding = 4; lastKnownFileType = sourcecode.c.h; path = SDWebImageCompat.h; sourceTree = "<group>"; };
		F4FF0AAB1E55E8C700061D9D /* SDWebImageCompat.m */ = {isa = PBXFileReference; fileEncoding = 4; lastKnownFileType = sourcecode.c.objc; path = SDWebImageCompat.m; sourceTree = "<group>"; };
		F4FF0AAC1E55E8C700061D9D /* SDWebImageDecoder.h */ = {isa = PBXFileReference; fileEncoding = 4; lastKnownFileType = sourcecode.c.h; path = SDWebImageDecoder.h; sourceTree = "<group>"; };
		F4FF0AAD1E55E8C700061D9D /* SDWebImageDecoder.m */ = {isa = PBXFileReference; fileEncoding = 4; lastKnownFileType = sourcecode.c.objc; path = SDWebImageDecoder.m; sourceTree = "<group>"; };
		F4FF0AAE1E55E8C700061D9D /* SDWebImageDownloader.h */ = {isa = PBXFileReference; fileEncoding = 4; lastKnownFileType = sourcecode.c.h; path = SDWebImageDownloader.h; sourceTree = "<group>"; };
		F4FF0AAF1E55E8C700061D9D /* SDWebImageDownloader.m */ = {isa = PBXFileReference; fileEncoding = 4; lastKnownFileType = sourcecode.c.objc; path = SDWebImageDownloader.m; sourceTree = "<group>"; };
		F4FF0AB01E55E8C700061D9D /* SDWebImageDownloaderOperation.h */ = {isa = PBXFileReference; fileEncoding = 4; lastKnownFileType = sourcecode.c.h; path = SDWebImageDownloaderOperation.h; sourceTree = "<group>"; };
		F4FF0AB11E55E8C700061D9D /* SDWebImageDownloaderOperation.m */ = {isa = PBXFileReference; fileEncoding = 4; lastKnownFileType = sourcecode.c.objc; path = SDWebImageDownloaderOperation.m; sourceTree = "<group>"; };
		F4FF0AB21E55E8C700061D9D /* SDWebImageManager.h */ = {isa = PBXFileReference; fileEncoding = 4; lastKnownFileType = sourcecode.c.h; path = SDWebImageManager.h; sourceTree = "<group>"; };
		F4FF0AB31E55E8C700061D9D /* SDWebImageManager.m */ = {isa = PBXFileReference; fileEncoding = 4; lastKnownFileType = sourcecode.c.objc; path = SDWebImageManager.m; sourceTree = "<group>"; };
		F4FF0AB41E55E8C700061D9D /* SDWebImageOperation.h */ = {isa = PBXFileReference; fileEncoding = 4; lastKnownFileType = sourcecode.c.h; path = SDWebImageOperation.h; sourceTree = "<group>"; };
		F4FF0AB51E55E8C700061D9D /* SDWebImagePrefetcher.h */ = {isa = PBXFileReference; fileEncoding = 4; lastKnownFileType = sourcecode.c.h; path = SDWebImagePrefetcher.h; sourceTree = "<group>"; };
		F4FF0AB61E55E8C700061D9D /* SDWebImagePrefetcher.m */ = {isa = PBXFileReference; fileEncoding = 4; lastKnownFileType = sourcecode.c.objc; path = SDWebImagePrefetcher.m; sourceTree = "<group>"; };
		F4FF0AB71E55E8C700061D9D /* UIButton+WebCache.h */ = {isa = PBXFileReference; fileEncoding = 4; lastKnownFileType = sourcecode.c.h; path = "UIButton+WebCache.h"; sourceTree = "<group>"; };
		F4FF0AB81E55E8C700061D9D /* UIButton+WebCache.m */ = {isa = PBXFileReference; fileEncoding = 4; lastKnownFileType = sourcecode.c.objc; path = "UIButton+WebCache.m"; sourceTree = "<group>"; };
		F4FF0AB91E55E8C700061D9D /* UIImage+GIF.h */ = {isa = PBXFileReference; fileEncoding = 4; lastKnownFileType = sourcecode.c.h; path = "UIImage+GIF.h"; sourceTree = "<group>"; };
		F4FF0ABA1E55E8C700061D9D /* UIImage+GIF.m */ = {isa = PBXFileReference; fileEncoding = 4; lastKnownFileType = sourcecode.c.objc; path = "UIImage+GIF.m"; sourceTree = "<group>"; };
		F4FF0ABB1E55E8C700061D9D /* UIImage+MultiFormat.h */ = {isa = PBXFileReference; fileEncoding = 4; lastKnownFileType = sourcecode.c.h; path = "UIImage+MultiFormat.h"; sourceTree = "<group>"; };
		F4FF0ABC1E55E8C700061D9D /* UIImage+MultiFormat.m */ = {isa = PBXFileReference; fileEncoding = 4; lastKnownFileType = sourcecode.c.objc; path = "UIImage+MultiFormat.m"; sourceTree = "<group>"; };
		F4FF0ABD1E55E8C700061D9D /* UIImage+WebP.h */ = {isa = PBXFileReference; fileEncoding = 4; lastKnownFileType = sourcecode.c.h; path = "UIImage+WebP.h"; sourceTree = "<group>"; };
		F4FF0ABE1E55E8C700061D9D /* UIImage+WebP.m */ = {isa = PBXFileReference; fileEncoding = 4; lastKnownFileType = sourcecode.c.objc; path = "UIImage+WebP.m"; sourceTree = "<group>"; };
		F4FF0ABF1E55E8C700061D9D /* UIImageView+HighlightedWebCache.h */ = {isa = PBXFileReference; fileEncoding = 4; lastKnownFileType = sourcecode.c.h; path = "UIImageView+HighlightedWebCache.h"; sourceTree = "<group>"; };
		F4FF0AC01E55E8C700061D9D /* UIImageView+HighlightedWebCache.m */ = {isa = PBXFileReference; fileEncoding = 4; lastKnownFileType = sourcecode.c.objc; path = "UIImageView+HighlightedWebCache.m"; sourceTree = "<group>"; };
		F4FF0AC11E55E8C700061D9D /* UIImageView+WebCache.h */ = {isa = PBXFileReference; fileEncoding = 4; lastKnownFileType = sourcecode.c.h; path = "UIImageView+WebCache.h"; sourceTree = "<group>"; };
		F4FF0AC21E55E8C700061D9D /* UIImageView+WebCache.m */ = {isa = PBXFileReference; fileEncoding = 4; lastKnownFileType = sourcecode.c.objc; path = "UIImageView+WebCache.m"; sourceTree = "<group>"; };
		F4FF0AC31E55E8C700061D9D /* UIView+WebCacheOperation.h */ = {isa = PBXFileReference; fileEncoding = 4; lastKnownFileType = sourcecode.c.h; path = "UIView+WebCacheOperation.h"; sourceTree = "<group>"; };
		F4FF0AC41E55E8C700061D9D /* UIView+WebCacheOperation.m */ = {isa = PBXFileReference; fileEncoding = 4; lastKnownFileType = sourcecode.c.objc; path = "UIView+WebCacheOperation.m"; sourceTree = "<group>"; };
/* End PBXFileReference section */

/* Begin PBXFrameworksBuildPhase section */
		F4FF09F71E55D94500061D9D /* Frameworks */ = {
			isa = PBXFrameworksBuildPhase;
			buildActionMask = 2147483647;
			files = (
			);
			runOnlyForDeploymentPostprocessing = 0;
		};
		F4FF0A101E55D94500061D9D /* Frameworks */ = {
			isa = PBXFrameworksBuildPhase;
			buildActionMask = 2147483647;
			files = (
			);
			runOnlyForDeploymentPostprocessing = 0;
		};
		F4FF0A1B1E55D94500061D9D /* Frameworks */ = {
			isa = PBXFrameworksBuildPhase;
			buildActionMask = 2147483647;
			files = (
			);
			runOnlyForDeploymentPostprocessing = 0;
		};
/* End PBXFrameworksBuildPhase section */

/* Begin PBXGroup section */
		F4DB13AE1E57EF260092B79B /* DCPicscrollView */ = {
			isa = PBXGroup;
			children = (
				F4DB13AF1E57EF260092B79B /* DCPicScrollView.h */,
				F4DB13B01E57EF260092B79B /* DCPicScrollView.m */,
				F4DB13B11E57EF260092B79B /* DCWebImageManager.h */,
				F4DB13B21E57EF260092B79B /* DCWebImageManager.m */,
			);
			path = DCPicscrollView;
			sourceTree = "<group>";
		};
		F4DB13B31E57EF260092B79B /* PageControl */ = {
			isa = PBXGroup;
			children = (
				F4DB13B41E57EF260092B79B /* TAAbstractDotView.h */,
				F4DB13B51E57EF260092B79B /* TAAbstractDotView.m */,
				F4DB13B61E57EF260092B79B /* TAAnimatedDotView.h */,
				F4DB13B71E57EF260092B79B /* TAAnimatedDotView.m */,
				F4DB13B81E57EF260092B79B /* TADotView.h */,
				F4DB13B91E57EF260092B79B /* TADotView.m */,
				F4DB13BA1E57EF260092B79B /* TAPageControl.h */,
				F4DB13BB1E57EF260092B79B /* TAPageControl.m */,
			);
			path = PageControl;
			sourceTree = "<group>";
		};
		F4DB13C21E57F22C0092B79B /* Tool */ = {
			isa = PBXGroup;
			children = (
				F4DB13C41E57F3470092B79B /* UIImage+JL.h */,
				F4DB13C51E57F3470092B79B /* UIImage+JL.m */,
			);
			path = Tool;
			sourceTree = "<group>";
		};
		F4FF09F11E55D94500061D9D = {
			isa = PBXGroup;
			children = (
				F4FF09FC1E55D94500061D9D /* BusinessApp */,
				F4FF0A161E55D94500061D9D /* BusinessAppTests */,
				F4FF0A211E55D94500061D9D /* BusinessAppUITests */,
				F4FF09FB1E55D94500061D9D /* Products */,
			);
			sourceTree = "<group>";
		};
		F4FF09FB1E55D94500061D9D /* Products */ = {
			isa = PBXGroup;
			children = (
				F4FF09FA1E55D94500061D9D /* BusinessApp.app */,
				F4FF0A131E55D94500061D9D /* BusinessAppTests.xctest */,
				F4FF0A1E1E55D94500061D9D /* BusinessAppUITests.xctest */,
			);
			name = Products;
			sourceTree = "<group>";
		};
		F4FF09FC1E55D94500061D9D /* BusinessApp */ = {
			isa = PBXGroup;
			children = (
				F4DB13C21E57F22C0092B79B /* Tool */,
				F4FF0A921E55E8C700061D9D /* Third */,
				F4FF0A8B1E55DF5A00061D9D /* Home */,
				F4FF0A8A1E55DF4E00061D9D /* Boutique */,
				F4FF0A521E55DDE100061D9D /* Person */,
				F4FF0A421E55DD7B00061D9D /* Main */,
				F4FF0A001E55D94500061D9D /* AppDelegate.h */,
				F4FF0A011E55D94500061D9D /* AppDelegate.m */,
				F4DB13C71E57F4510092B79B /* Party.pch */,
				F4FF0A091E55D94500061D9D /* Assets.xcassets */,
				F4FF0A0B1E55D94500061D9D /* LaunchScreen.storyboard */,
				F4FF0A0E1E55D94500061D9D /* Info.plist */,
				F4FF09FD1E55D94500061D9D /* Supporting Files */,
			);
			path = BusinessApp;
			sourceTree = "<group>";
		};
		F4FF09FD1E55D94500061D9D /* Supporting Files */ = {
			isa = PBXGroup;
			children = (
				F4FF09FE1E55D94500061D9D /* main.m */,
			);
			name = "Supporting Files";
			sourceTree = "<group>";
		};
		F4FF0A161E55D94500061D9D /* BusinessAppTests */ = {
			isa = PBXGroup;
			children = (
				F4FF0A171E55D94500061D9D /* BusinessAppTests.m */,
				F4FF0A191E55D94500061D9D /* Info.plist */,
			);
			path = BusinessAppTests;
			sourceTree = "<group>";
		};
		F4FF0A211E55D94500061D9D /* BusinessAppUITests */ = {
			isa = PBXGroup;
			children = (
				F4FF0A221E55D94500061D9D /* BusinessAppUITests.m */,
				F4FF0A241E55D94500061D9D /* Info.plist */,
			);
			path = BusinessAppUITests;
			sourceTree = "<group>";
		};
		F4FF0A421E55DD7B00061D9D /* Main */ = {
			isa = PBXGroup;
			children = (
				F4FF0A4C1E55DDBE00061D9D /* JLNaviagationController.h */,
				F4FF0A4D1E55DDBE00061D9D /* JLNaviagationController.m */,
				F4FF0A4E1E55DDBE00061D9D /* JLNavigationBar.h */,
				F4FF0A4F1E55DDBE00061D9D /* JLNavigationBar.m */,
				F4FF0A431E55DD7B00061D9D /* JLTabbar.h */,
				F4FF0A441E55DD7B00061D9D /* JLTabbar.m */,
				F4FF0A451E55DD7B00061D9D /* JLTabBarController.h */,
				F4FF0A461E55DD7B00061D9D /* JLTabBarController.m */,
				F4FF0A471E55DD7B00061D9D /* JLTabbarModel.h */,
				F4FF0A481E55DD7B00061D9D /* JLTabbarModel.m */,
				F4DB13C81E57F6960092B79B /* JLViewController.h */,
				F4DB13C91E57F6960092B79B /* JLViewController.m */,
			);
			path = Main;
			sourceTree = "<group>";
		};
		F4FF0A521E55DDE100061D9D /* Person */ = {
			isa = PBXGroup;
			children = (
				F4FF0A681E55DE3B00061D9D /* Base */,
			);
			path = Person;
			sourceTree = "<group>";
		};
		F4FF0A681E55DE3B00061D9D /* Base */ = {
			isa = PBXGroup;
			children = (
				F4FF0A7E1E55DE4500061D9D /* JLPersonCenterViewController.h */,
				F4FF0A7F1E55DE4500061D9D /* JLPersonCenterViewController.m */,
				F4FF0A801E55DE4500061D9D /* JLSettingViewController.h */,
				F4FF0A811E55DE4500061D9D /* JLSettingViewController.m */,
				F4FF0A821E55DE4500061D9D /* JLSetViewController.h */,
				F4FF0A831E55DE4500061D9D /* JLSetViewController.m */,
				F4FF0A841E55DE4500061D9D /* RegistAndLoginViewController.h */,
				F4FF0A851E55DE4500061D9D /* RegistAndLoginViewController.m */,
				F4FF0A691E55DE3B00061D9D /* JLBaseSetViewController.h */,
				F4FF0A6A1E55DE3B00061D9D /* JLBaseSetViewController.m */,
				F4FF0A6B1E55DE3B00061D9D /* JLSetArrowItem.h */,
				F4FF0A6C1E55DE3B00061D9D /* JLSetArrowItem.m */,
				F4FF0A6D1E55DE3B00061D9D /* JLSetCell.h */,
				F4FF0A6E1E55DE3B00061D9D /* JLSetCell.m */,
				F4FF0A6F1E55DE3B00061D9D /* JLSetGroupModel.h */,
				F4FF0A701E55DE3B00061D9D /* JLSetGroupModel.m */,
				F4FF0A711E55DE3B00061D9D /* JLSetItem.h */,
				F4FF0A721E55DE3B00061D9D /* JLSetItem.m */,
				F4FF0A731E55DE3B00061D9D /* JLSetLabelItem.h */,
				F4FF0A741E55DE3B00061D9D /* JLSetLabelItem.m */,
				F4FF0A751E55DE3B00061D9D /* JLSetSwitchItem.h */,
				F4FF0A761E55DE3B00061D9D /* JLSetSwitchItem.m */,
			);
			path = Base;
			sourceTree = "<group>";
		};
		F4FF0A8A1E55DF4E00061D9D /* Boutique */ = {
			isa = PBXGroup;
			children = (
				F4FF0A8F1E55DFF700061D9D /* BoutiqueViewController.h */,
				F4FF0A901E55DFF700061D9D /* BoutiqueViewController.m */,
			);
			path = Boutique;
			sourceTree = "<group>";
		};
		F4FF0A8B1E55DF5A00061D9D /* Home */ = {
			isa = PBXGroup;
			children = (
				F4FF0A8C1E55DFBF00061D9D /* HomeViewController.h */,
				F4FF0A8D1E55DFBF00061D9D /* HomeViewController.m */,
			);
			path = Home;
			sourceTree = "<group>";
		};
		F4FF0A921E55E8C700061D9D /* Third */ = {
			isa = PBXGroup;
			children = (
				F4DB13AE1E57EF260092B79B /* DCPicscrollView */,
				F4DB13B31E57EF260092B79B /* PageControl */,
				F4FF0AA31E55E8C700061D9D /* SDWebImage */,
			);
			path = Third;
			sourceTree = "<group>";
		};
		F4FF0AA31E55E8C700061D9D /* SDWebImage */ = {
			isa = PBXGroup;
			children = (
				F4FF0AA41E55E8C700061D9D /* MKAnnotationView+WebCache.h */,
				F4FF0AA51E55E8C700061D9D /* MKAnnotationView+WebCache.m */,
				F4FF0AA61E55E8C700061D9D /* NSData+ImageContentType.h */,
				F4FF0AA71E55E8C700061D9D /* NSData+ImageContentType.m */,
				F4FF0AA81E55E8C700061D9D /* SDImageCache.h */,
				F4FF0AA91E55E8C700061D9D /* SDImageCache.m */,
				F4FF0AAA1E55E8C700061D9D /* SDWebImageCompat.h */,
				F4FF0AAB1E55E8C700061D9D /* SDWebImageCompat.m */,
				F4FF0AAC1E55E8C700061D9D /* SDWebImageDecoder.h */,
				F4FF0AAD1E55E8C700061D9D /* SDWebImageDecoder.m */,
				F4FF0AAE1E55E8C700061D9D /* SDWebImageDownloader.h */,
				F4FF0AAF1E55E8C700061D9D /* SDWebImageDownloader.m */,
				F4FF0AB01E55E8C700061D9D /* SDWebImageDownloaderOperation.h */,
				F4FF0AB11E55E8C700061D9D /* SDWebImageDownloaderOperation.m */,
				F4FF0AB21E55E8C700061D9D /* SDWebImageManager.h */,
				F4FF0AB31E55E8C700061D9D /* SDWebImageManager.m */,
				F4FF0AB41E55E8C700061D9D /* SDWebImageOperation.h */,
				F4FF0AB51E55E8C700061D9D /* SDWebImagePrefetcher.h */,
				F4FF0AB61E55E8C700061D9D /* SDWebImagePrefetcher.m */,
				F4FF0AB71E55E8C700061D9D /* UIButton+WebCache.h */,
				F4FF0AB81E55E8C700061D9D /* UIButton+WebCache.m */,
				F4FF0AB91E55E8C700061D9D /* UIImage+GIF.h */,
				F4FF0ABA1E55E8C700061D9D /* UIImage+GIF.m */,
				F4FF0ABB1E55E8C700061D9D /* UIImage+MultiFormat.h */,
				F4FF0ABC1E55E8C700061D9D /* UIImage+MultiFormat.m */,
				F4FF0ABD1E55E8C700061D9D /* UIImage+WebP.h */,
				F4FF0ABE1E55E8C700061D9D /* UIImage+WebP.m */,
				F4FF0ABF1E55E8C700061D9D /* UIImageView+HighlightedWebCache.h */,
				F4FF0AC01E55E8C700061D9D /* UIImageView+HighlightedWebCache.m */,
				F4FF0AC11E55E8C700061D9D /* UIImageView+WebCache.h */,
				F4FF0AC21E55E8C700061D9D /* UIImageView+WebCache.m */,
				F4FF0AC31E55E8C700061D9D /* UIView+WebCacheOperation.h */,
				F4FF0AC41E55E8C700061D9D /* UIView+WebCacheOperation.m */,
			);
			path = SDWebImage;
			sourceTree = "<group>";
		};
/* End PBXGroup section */

/* Begin PBXNativeTarget section */
		F4FF09F91E55D94500061D9D /* BusinessApp */ = {
			isa = PBXNativeTarget;
			buildConfigurationList = F4FF0A271E55D94500061D9D /* Build configuration list for PBXNativeTarget "BusinessApp" */;
			buildPhases = (
				F4FF09F61E55D94500061D9D /* Sources */,
				F4FF09F71E55D94500061D9D /* Frameworks */,
				F4FF09F81E55D94500061D9D /* Resources */,
			);
			buildRules = (
			);
			dependencies = (
			);
			name = BusinessApp;
			productName = BusinessApp;
			productReference = F4FF09FA1E55D94500061D9D /* BusinessApp.app */;
			productType = "com.apple.product-type.application";
		};
		F4FF0A121E55D94500061D9D /* BusinessAppTests */ = {
			isa = PBXNativeTarget;
			buildConfigurationList = F4FF0A2A1E55D94500061D9D /* Build configuration list for PBXNativeTarget "BusinessAppTests" */;
			buildPhases = (
				F4FF0A0F1E55D94500061D9D /* Sources */,
				F4FF0A101E55D94500061D9D /* Frameworks */,
				F4FF0A111E55D94500061D9D /* Resources */,
			);
			buildRules = (
			);
			dependencies = (
				F4FF0A151E55D94500061D9D /* PBXTargetDependency */,
			);
			name = BusinessAppTests;
			productName = BusinessAppTests;
			productReference = F4FF0A131E55D94500061D9D /* BusinessAppTests.xctest */;
			productType = "com.apple.product-type.bundle.unit-test";
		};
		F4FF0A1D1E55D94500061D9D /* BusinessAppUITests */ = {
			isa = PBXNativeTarget;
			buildConfigurationList = F4FF0A2D1E55D94500061D9D /* Build configuration list for PBXNativeTarget "BusinessAppUITests" */;
			buildPhases = (
				F4FF0A1A1E55D94500061D9D /* Sources */,
				F4FF0A1B1E55D94500061D9D /* Frameworks */,
				F4FF0A1C1E55D94500061D9D /* Resources */,
			);
			buildRules = (
			);
			dependencies = (
				F4FF0A201E55D94500061D9D /* PBXTargetDependency */,
			);
			name = BusinessAppUITests;
			productName = BusinessAppUITests;
			productReference = F4FF0A1E1E55D94500061D9D /* BusinessAppUITests.xctest */;
			productType = "com.apple.product-type.bundle.ui-testing";
		};
/* End PBXNativeTarget section */

/* Begin PBXProject section */
		F4FF09F21E55D94500061D9D /* Project object */ = {
			isa = PBXProject;
			attributes = {
				LastUpgradeCheck = 0820;
				ORGANIZATIONNAME = JL.Com;
				TargetAttributes = {
					F4FF09F91E55D94500061D9D = {
						CreatedOnToolsVersion = 8.2.1;
						ProvisioningStyle = Automatic;
					};
					F4FF0A121E55D94500061D9D = {
						CreatedOnToolsVersion = 8.2.1;
						ProvisioningStyle = Automatic;
						TestTargetID = F4FF09F91E55D94500061D9D;
					};
					F4FF0A1D1E55D94500061D9D = {
						CreatedOnToolsVersion = 8.2.1;
						ProvisioningStyle = Automatic;
						TestTargetID = F4FF09F91E55D94500061D9D;
					};
				};
			};
			buildConfigurationList = F4FF09F51E55D94500061D9D /* Build configuration list for PBXProject "BusinessApp" */;
			compatibilityVersion = "Xcode 3.2";
			developmentRegion = English;
			hasScannedForEncodings = 0;
			knownRegions = (
				en,
				Base,
			);
			mainGroup = F4FF09F11E55D94500061D9D;
			productRefGroup = F4FF09FB1E55D94500061D9D /* Products */;
			projectDirPath = "";
			projectRoot = "";
			targets = (
				F4FF09F91E55D94500061D9D /* BusinessApp */,
				F4FF0A121E55D94500061D9D /* BusinessAppTests */,
				F4FF0A1D1E55D94500061D9D /* BusinessAppUITests */,
			);
		};
/* End PBXProject section */

/* Begin PBXResourcesBuildPhase section */
		F4FF09F81E55D94500061D9D /* Resources */ = {
			isa = PBXResourcesBuildPhase;
			buildActionMask = 2147483647;
			files = (
				F4FF0A0D1E55D94500061D9D /* LaunchScreen.storyboard in Resources */,
				F4FF0A0A1E55D94500061D9D /* Assets.xcassets in Resources */,
			);
			runOnlyForDeploymentPostprocessing = 0;
		};
		F4FF0A111E55D94500061D9D /* Resources */ = {
			isa = PBXResourcesBuildPhase;
			buildActionMask = 2147483647;
			files = (
			);
			runOnlyForDeploymentPostprocessing = 0;
		};
		F4FF0A1C1E55D94500061D9D /* Resources */ = {
			isa = PBXResourcesBuildPhase;
			buildActionMask = 2147483647;
			files = (
			);
			runOnlyForDeploymentPostprocessing = 0;
		};
/* End PBXResourcesBuildPhase section */

/* Begin PBXSourcesBuildPhase section */
		F4FF09F61E55D94500061D9D /* Sources */ = {
			isa = PBXSourcesBuildPhase;
			buildActionMask = 2147483647;
			files = (
				F4FF0AD61E55E8C700061D9D /* UIImage+GIF.m in Sources */,
				F4DB13C01E57EF260092B79B /* TADotView.m in Sources */,
				F4DB13CA1E57F6960092B79B /* JLViewController.m in Sources */,
				F4DB13BE1E57EF260092B79B /* TAAbstractDotView.m in Sources */,
				F4DB13BD1E57EF260092B79B /* DCWebImageManager.m in Sources */,
				F4FF0A4A1E55DD7B00061D9D /* JLTabBarController.m in Sources */,
				F4FF0A881E55DE4500061D9D /* JLSetViewController.m in Sources */,
				F4FF0A871E55DE4500061D9D /* JLSettingViewController.m in Sources */,
				F4FF0ADB1E55E8C700061D9D /* UIView+WebCacheOperation.m in Sources */,
				F4FF0A8E1E55DFBF00061D9D /* HomeViewController.m in Sources */,
				F4DB13BF1E57EF260092B79B /* TAAnimatedDotView.m in Sources */,
				F4FF0A501E55DDBE00061D9D /* JLNaviagationController.m in Sources */,
				F4FF0ACE1E55E8C700061D9D /* SDImageCache.m in Sources */,
				F4DB13C11E57EF260092B79B /* TAPageControl.m in Sources */,
				F4FF0ACF1E55E8C700061D9D /* SDWebImageCompat.m in Sources */,
				F4FF0A021E55D94500061D9D /* AppDelegate.m in Sources */,
				F4FF0AD91E55E8C700061D9D /* UIImageView+HighlightedWebCache.m in Sources */,
				F4FF0AD41E55E8C700061D9D /* SDWebImagePrefetcher.m in Sources */,
				F4FF0AD21E55E8C700061D9D /* SDWebImageDownloaderOperation.m in Sources */,
				F4FF09FF1E55D94500061D9D /* main.m in Sources */,
				F4FF0AD11E55E8C700061D9D /* SDWebImageDownloader.m in Sources */,
				F4FF0ACD1E55E8C700061D9D /* NSData+ImageContentType.m in Sources */,
				F4FF0A491E55DD7B00061D9D /* JLTabbar.m in Sources */,
				F4FF0A861E55DE4500061D9D /* JLPersonCenterViewController.m in Sources */,
				F4FF0A771E55DE3B00061D9D /* JLBaseSetViewController.m in Sources */,
				F4DB13C61E57F3470092B79B /* UIImage+JL.m in Sources */,
				F4FF0AD01E55E8C700061D9D /* SDWebImageDecoder.m in Sources */,
				F4FF0A911E55DFF700061D9D /* BoutiqueViewController.m in Sources */,
				F4FF0ADA1E55E8C700061D9D /* UIImageView+WebCache.m in Sources */,
				F4FF0AD31E55E8C700061D9D /* SDWebImageManager.m in Sources */,
				F4FF0A781E55DE3B00061D9D /* JLSetArrowItem.m in Sources */,
				F4FF0A891E55DE4500061D9D /* RegistAndLoginViewController.m in Sources */,
				F4FF0A7A1E55DE3B00061D9D /* JLSetGroupModel.m in Sources */,
				F4FF0ACC1E55E8C700061D9D /* MKAnnotationView+WebCache.m in Sources */,
				F4FF0A7B1E55DE3B00061D9D /* JLSetItem.m in Sources */,
				F4FF0A791E55DE3B00061D9D /* JLSetCell.m in Sources */,
				F4FF0AD71E55E8C700061D9D /* UIImage+MultiFormat.m in Sources */,
				F4FF0AD81E55E8C700061D9D /* UIImage+WebP.m in Sources */,
				F4FF0AD51E55E8C700061D9D /* UIButton+WebCache.m in Sources */,
				F4FF0A4B1E55DD7B00061D9D /* JLTabbarModel.m in Sources */,
				F4FF0A7C1E55DE3B00061D9D /* JLSetLabelItem.m in Sources */,
				F4FF0A511E55DDBE00061D9D /* JLNavigationBar.m in Sources */,
				F4FF0A7D1E55DE3B00061D9D /* JLSetSwitchItem.m in Sources */,
				F4DB13BC1E57EF260092B79B /* DCPicScrollView.m in Sources */,
			);
			runOnlyForDeploymentPostprocessing = 0;
		};
		F4FF0A0F1E55D94500061D9D /* Sources */ = {
			isa = PBXSourcesBuildPhase;
			buildActionMask = 2147483647;
			files = (
				F4FF0A181E55D94500061D9D /* BusinessAppTests.m in Sources */,
			);
			runOnlyForDeploymentPostprocessing = 0;
		};
		F4FF0A1A1E55D94500061D9D /* Sources */ = {
			isa = PBXSourcesBuildPhase;
			buildActionMask = 2147483647;
			files = (
				F4FF0A231E55D94500061D9D /* BusinessAppUITests.m in Sources */,
			);
			runOnlyForDeploymentPostprocessing = 0;
		};
/* End PBXSourcesBuildPhase section */

/* Begin PBXTargetDependency section */
		F4FF0A151E55D94500061D9D /* PBXTargetDependency */ = {
			isa = PBXTargetDependency;
			target = F4FF09F91E55D94500061D9D /* BusinessApp */;
			targetProxy = F4FF0A141E55D94500061D9D /* PBXContainerItemProxy */;
		};
		F4FF0A201E55D94500061D9D /* PBXTargetDependency */ = {
			isa = PBXTargetDependency;
			target = F4FF09F91E55D94500061D9D /* BusinessApp */;
			targetProxy = F4FF0A1F1E55D94500061D9D /* PBXContainerItemProxy */;
		};
/* End PBXTargetDependency section */

/* Begin PBXVariantGroup section */
		F4FF0A0B1E55D94500061D9D /* LaunchScreen.storyboard */ = {
			isa = PBXVariantGroup;
			children = (
				F4FF0A0C1E55D94500061D9D /* Base */,
			);
			name = LaunchScreen.storyboard;
			sourceTree = "<group>";
		};
/* End PBXVariantGroup section */

/* Begin XCBuildConfiguration section */
		F4FF0A251E55D94500061D9D /* Debug */ = {
			isa = XCBuildConfiguration;
			buildSettings = {
				ALWAYS_SEARCH_USER_PATHS = NO;
				CLANG_ANALYZER_NONNULL = YES;
				CLANG_CXX_LANGUAGE_STANDARD = "gnu++0x";
				CLANG_CXX_LIBRARY = "libc++";
				CLANG_ENABLE_MODULES = YES;
				CLANG_ENABLE_OBJC_ARC = YES;
				CLANG_WARN_BOOL_CONVERSION = YES;
				CLANG_WARN_CONSTANT_CONVERSION = YES;
				CLANG_WARN_DIRECT_OBJC_ISA_USAGE = YES_ERROR;
				CLANG_WARN_DOCUMENTATION_COMMENTS = YES;
				CLANG_WARN_EMPTY_BODY = YES;
				CLANG_WARN_ENUM_CONVERSION = YES;
				CLANG_WARN_INFINITE_RECURSION = YES;
				CLANG_WARN_INT_CONVERSION = YES;
				CLANG_WARN_OBJC_ROOT_CLASS = YES_ERROR;
				CLANG_WARN_SUSPICIOUS_MOVE = YES;
				CLANG_WARN_UNREACHABLE_CODE = YES;
				CLANG_WARN__DUPLICATE_METHOD_MATCH = YES;
				"CODE_SIGN_IDENTITY[sdk=iphoneos*]" = "iPhone Developer";
				COPY_PHASE_STRIP = NO;
				DEBUG_INFORMATION_FORMAT = dwarf;
				ENABLE_STRICT_OBJC_MSGSEND = YES;
				ENABLE_TESTABILITY = YES;
				GCC_C_LANGUAGE_STANDARD = gnu99;
				GCC_DYNAMIC_NO_PIC = NO;
				GCC_NO_COMMON_BLOCKS = YES;
				GCC_OPTIMIZATION_LEVEL = 0;
				GCC_PREPROCESSOR_DEFINITIONS = (
					"DEBUG=1",
					"$(inherited)",
				);
				GCC_WARN_64_TO_32_BIT_CONVERSION = YES;
				GCC_WARN_ABOUT_RETURN_TYPE = YES_ERROR;
				GCC_WARN_UNDECLARED_SELECTOR = YES;
				GCC_WARN_UNINITIALIZED_AUTOS = YES_AGGRESSIVE;
				GCC_WARN_UNUSED_FUNCTION = YES;
				GCC_WARN_UNUSED_VARIABLE = YES;
				IPHONEOS_DEPLOYMENT_TARGET = 10.2;
				MTL_ENABLE_DEBUG_INFO = YES;
				ONLY_ACTIVE_ARCH = YES;
				SDKROOT = iphoneos;
				TARGETED_DEVICE_FAMILY = "1,2";
			};
			name = Debug;
		};
		F4FF0A261E55D94500061D9D /* Release */ = {
			isa = XCBuildConfiguration;
			buildSettings = {
				ALWAYS_SEARCH_USER_PATHS = NO;
				CLANG_ANALYZER_NONNULL = YES;
				CLANG_CXX_LANGUAGE_STANDARD = "gnu++0x";
				CLANG_CXX_LIBRARY = "libc++";
				CLANG_ENABLE_MODULES = YES;
				CLANG_ENABLE_OBJC_ARC = YES;
				CLANG_WARN_BOOL_CONVERSION = YES;
				CLANG_WARN_CONSTANT_CONVERSION = YES;
				CLANG_WARN_DIRECT_OBJC_ISA_USAGE = YES_ERROR;
				CLANG_WARN_DOCUMENTATION_COMMENTS = YES;
				CLANG_WARN_EMPTY_BODY = YES;
				CLANG_WARN_ENUM_CONVERSION = YES;
				CLANG_WARN_INFINITE_RECURSION = YES;
				CLANG_WARN_INT_CONVERSION = YES;
				CLANG_WARN_OBJC_ROOT_CLASS = YES_ERROR;
				CLANG_WARN_SUSPICIOUS_MOVE = YES;
				CLANG_WARN_UNREACHABLE_CODE = YES;
				CLANG_WARN__DUPLICATE_METHOD_MATCH = YES;
				"CODE_SIGN_IDENTITY[sdk=iphoneos*]" = "iPhone Developer";
				COPY_PHASE_STRIP = NO;
				DEBUG_INFORMATION_FORMAT = "dwarf-with-dsym";
				ENABLE_NS_ASSERTIONS = NO;
				ENABLE_STRICT_OBJC_MSGSEND = YES;
				GCC_C_LANGUAGE_STANDARD = gnu99;
				GCC_NO_COMMON_BLOCKS = YES;
				GCC_WARN_64_TO_32_BIT_CONVERSION = YES;
				GCC_WARN_ABOUT_RETURN_TYPE = YES_ERROR;
				GCC_WARN_UNDECLARED_SELECTOR = YES;
				GCC_WARN_UNINITIALIZED_AUTOS = YES_AGGRESSIVE;
				GCC_WARN_UNUSED_FUNCTION = YES;
				GCC_WARN_UNUSED_VARIABLE = YES;
				IPHONEOS_DEPLOYMENT_TARGET = 10.2;
				MTL_ENABLE_DEBUG_INFO = NO;
				SDKROOT = iphoneos;
				TARGETED_DEVICE_FAMILY = "1,2";
				VALIDATE_PRODUCT = YES;
			};
			name = Release;
		};
		F4FF0A281E55D94500061D9D /* Debug */ = {
			isa = XCBuildConfiguration;
			buildSettings = {
				ASSETCATALOG_COMPILER_APPICON_NAME = AppIcon;
				GCC_PRECOMPILE_PREFIX_HEADER = YES;
				GCC_PREFIX_HEADER = "$(SRCROOT)/BusinessApp/Party.pch";
				INFOPLIST_FILE = BusinessApp/Info.plist;
				LD_RUNPATH_SEARCH_PATHS = "$(inherited) @executable_path/Frameworks";
				PRODUCT_BUNDLE_IDENTIFIER = Algorithm.BusinessApp;
				PRODUCT_NAME = "$(TARGET_NAME)";
			};
			name = Debug;
		};
		F4FF0A291E55D94500061D9D /* Release */ = {
			isa = XCBuildConfiguration;
			buildSettings = {
				ASSETCATALOG_COMPILER_APPICON_NAME = AppIcon;
				GCC_PRECOMPILE_PREFIX_HEADER = YES;
				GCC_PREFIX_HEADER = "$(SRCROOT)/BusinessApp/Party.pch";
				INFOPLIST_FILE = BusinessApp/Info.plist;
				LD_RUNPATH_SEARCH_PATHS = "$(inherited) @executable_path/Frameworks";
				PRODUCT_BUNDLE_IDENTIFIER = Algorithm.BusinessApp;
				PRODUCT_NAME = "$(TARGET_NAME)";
			};
			name = Release;
		};
		F4FF0A2B1E55D94500061D9D /* Debug */ = {
			isa = XCBuildConfiguration;
			buildSettings = {
				BUNDLE_LOADER = "$(TEST_HOST)";
				INFOPLIST_FILE = BusinessAppTests/Info.plist;
				LD_RUNPATH_SEARCH_PATHS = "$(inherited) @executable_path/Frameworks @loader_path/Frameworks";
				PRODUCT_BUNDLE_IDENTIFIER = Algorithm.BusinessAppTests;
				PRODUCT_NAME = "$(TARGET_NAME)";
				TEST_HOST = "$(BUILT_PRODUCTS_DIR)/BusinessApp.app/BusinessApp";
			};
			name = Debug;
		};
		F4FF0A2C1E55D94500061D9D /* Release */ = {
			isa = XCBuildConfiguration;
			buildSettings = {
				BUNDLE_LOADER = "$(TEST_HOST)";
				INFOPLIST_FILE = BusinessAppTests/Info.plist;
				LD_RUNPATH_SEARCH_PATHS = "$(inherited) @executable_path/Frameworks @loader_path/Frameworks";
				PRODUCT_BUNDLE_IDENTIFIER = Algorithm.BusinessAppTests;
				PRODUCT_NAME = "$(TARGET_NAME)";
				TEST_HOST = "$(BUILT_PRODUCTS_DIR)/BusinessApp.app/BusinessApp";
			};
			name = Release;
		};
		F4FF0A2E1E55D94500061D9D /* Debug */ = {
			isa = XCBuildConfiguration;
			buildSettings = {
				INFOPLIST_FILE = BusinessAppUITests/Info.plist;
				LD_RUNPATH_SEARCH_PATHS = "$(inherited) @executable_path/Frameworks @loader_path/Frameworks";
				PRODUCT_BUNDLE_IDENTIFIER = Algorithm.BusinessAppUITests;
				PRODUCT_NAME = "$(TARGET_NAME)";
				TEST_TARGET_NAME = BusinessApp;
			};
			name = Debug;
		};
		F4FF0A2F1E55D94500061D9D /* Release */ = {
			isa = XCBuildConfiguration;
			buildSettings = {
				INFOPLIST_FILE = BusinessAppUITests/Info.plist;
				LD_RUNPATH_SEARCH_PATHS = "$(inherited) @executable_path/Frameworks @loader_path/Frameworks";
				PRODUCT_BUNDLE_IDENTIFIER = Algorithm.BusinessAppUITests;
				PRODUCT_NAME = "$(TARGET_NAME)";
				TEST_TARGET_NAME = BusinessApp;
			};
			name = Release;
		};
/* End XCBuildConfiguration section */

/* Begin XCConfigurationList section */
		F4FF09F51E55D94500061D9D /* Build configuration list for PBXProject "BusinessApp" */ = {
			isa = XCConfigurationList;
			buildConfigurations = (
				F4FF0A251E55D94500061D9D /* Debug */,
				F4FF0A261E55D94500061D9D /* Release */,
			);
			defaultConfigurationIsVisible = 0;
			defaultConfigurationName = Release;
		};
		F4FF0A271E55D94500061D9D /* Build configuration list for PBXNativeTarget "BusinessApp" */ = {
			isa = XCConfigurationList;
			buildConfigurations = (
				F4FF0A281E55D94500061D9D /* Debug */,
				F4FF0A291E55D94500061D9D /* Release */,
			);
			defaultConfigurationIsVisible = 0;
			defaultConfigurationName = Release;
		};
		F4FF0A2A1E55D94500061D9D /* Build configuration list for PBXNativeTarget "BusinessAppTests" */ = {
			isa = XCConfigurationList;
			buildConfigurations = (
				F4FF0A2B1E55D94500061D9D /* Debug */,
				F4FF0A2C1E55D94500061D9D /* Release */,
			);
			defaultConfigurationIsVisible = 0;
			defaultConfigurationName = Release;
		};
		F4FF0A2D1E55D94500061D9D /* Build configuration list for PBXNativeTarget "BusinessAppUITests" */ = {
			isa = XCConfigurationList;
			buildConfigurations = (
				F4FF0A2E1E55D94500061D9D /* Debug */,
				F4FF0A2F1E55D94500061D9D /* Release */,
			);
			defaultConfigurationIsVisible = 0;
			defaultConfigurationName = Release;
		};
/* End XCConfigurationList section */
	};
	rootObject = F4FF09F21E55D94500061D9D /* Project object */;
}
